{
  "name": "emoji.seed",
  "version": "1.0.4",
  "lockfileVersion": 3,
  "requires": true,
  "packages": {
    "": {
      "name": "emoji.seed",
      "version": "1.0.4",
      "license": "MIT",
      "bin": {
        "emojiseed": "bin/emoji.seed.js"
      },
      "engines": {
        "node": ">=16"
      }
    }
  }
}
