{
  "name": "@emojison-main/emojiseed",
  "version": "1.0.3",
  "lockfileVersion": 3,
  "requires": true,
  "packages": {
    "": {
      "name": "@emojison-main/emojiseed",
      "version": "1.0.3",
      "license": "MIT",
      "dependencies": {
        "@emojison-main/emojiseed": "^1.0.3",
        "emojis": "^1.0.10"
      },
      "bin": {
        "emojiseed": "bin/emojiseed.js"
      },
      "engines": {
        "node": ">=16"
      }
    },
    "node_modules/@emojison-main/emojiseed": {
      "version": "1.0.3",
      "resolved": "https://registry.npmjs.org/@emojison-main/emojiseed/-/emojiseed-1.0.3.tgz",
      "integrity": "sha512-Zvzlhs4hvVXrtH8hV7sf89HeJIVQ09ha9JkOt2ADyFxprOaCB+LxUgjfm0nxXjFqyl09DAetcatrsXVlYvOEuA==",
      "license": "MIT",
      "dependencies": {
        "emojis": "^1.0.10"
      },
      "bin": {
        "emojiseed": "bin/emojiseed.js"
      },
      "engines": {
        "node": ">=16"
      }
    },
    "node_modules/emojis": {
      "version": "1.0.10",
      "resolved": "https://registry.npmjs.org/emojis/-/emojis-1.0.10.tgz",
      "integrity": "sha512-uAdZVlwPFYJg5z4rmIUPRQSbXm3pPN+OZ6m+hxFtxAOsxLYRI6/zAblaJyK/xmxRf//y0edUyeIh5Rq5XiLwWA==",
      "deprecated": "Package no longer supported. Contact Support at https://www.npmjs.com/support for more info.",
      "license": "Fair"
    }
  }
}
